// !$*UTF8*$!
{
	archiveVersion = 1;
	classes = {
	};
	objectVersion = 46;
	objects = {

/* Begin PBXBuildFile section */
		2F360BC117692C4700D9A404 /* Images.xcassets in Resources */ = {isa = PBXBuildFile; fileRef = 2F360BC017692C4700D9A404 /* Images.xcassets */; };
		2F45C1D5177676670052A7F9 /* Main.storyboard in Resources */ = {isa = PBXBuildFile; fileRef = 2F360BB717692C4700D9A404 /* Main.storyboard */; };
		6F580E4F1B0A64E800B81B97 /* Launch Screen.storyboard in Resources */ = {isa = PBXBuildFile; fileRef = 6F580E4D1B0A64E800B81B97 /* Launch Screen.storyboard */; };
		D7245A4D1B3B75CB00A9B7D1 /* AAPLAppDelegate.swift in Sources */ = {isa = PBXBuildFile; fileRef = D7245A4C1B3B75CB00A9B7D1 /* AAPLAppDelegate.swift */; };
		D7245A4F1B3B775900A9B7D1 /* AAPLPreviewView.swift in Sources */ = {isa = PBXBuildFile; fileRef = D7245A4E1B3B775900A9B7D1 /* AAPLPreviewView.swift */; };
		D7245A551B3B793200A9B7D1 /* AAPLCameraViewController.swift in Sources */ = {isa = PBXBuildFile; fileRef = D7245A541B3B793200A9B7D1 /* AAPLCameraViewController.swift */; };
/* End PBXBuildFile section */

/* Begin PBXFileReference section */
		2F360BA217692C4700D9A404 /* AVCamManual.app */ = {isa = PBXFileReference; explicitFileType = wrapper.application; includeInIndex = 0; path = AVCamManual.app; sourceTree = BUILT_PRODUCTS_DIR; };
		2F360BAD17692C4700D9A404 /* AVCamManual-Info.plist */ = {isa = PBXFileReference; lastKnownFileType = text.plist; name = "AVCamManual-Info.plist"; path = "AVCamManual/AVCamManual-Info.plist"; sourceTree = "<group>"; };
		2F360BB817692C4700D9A404 /* Base */ = {isa = PBXFileReference; lastKnownFileType = file.storyboard; name = Base; path = Base.lproj/Main.storyboard; sourceTree = "<group>"; };
		2F360BC017692C4700D9A404 /* Images.xcassets */ = {isa = PBXFileReference; lastKnownFileType = folder.assetcatalog; name = Images.xcassets; path = AVCamManual/Images.xcassets; sourceTree = "<group>"; };
		6F580E4B1B0A649C00B81B97 /* README.md */ = {isa = PBXFileReference; fileEncoding = 4; lastKnownFileType = net.daringfireball.markdown; path = README.md; sourceTree = "<group>"; };
		6F580E4E1B0A64E800B81B97 /* Base */ = {isa = PBXFileReference; lastKnownFileType = file.storyboard; name = Base; path = "AVCamManual/Base.lproj/Launch Screen.storyboard"; sourceTree = "<group>"; };
		D7245A4C1B3B75CB00A9B7D1 /* AAPLAppDelegate.swift */ = {isa = PBXFileReference; fileEncoding = 4; lastKnownFileType = sourcecode.swift; name = AAPLAppDelegate.swift; path = AVCamManual/AAPLAppDelegate.swift; sourceTree = "<group>"; };
		D7245A4E1B3B775900A9B7D1 /* AAPLPreviewView.swift */ = {isa = PBXFileReference; fileEncoding = 4; lastKnownFileType = sourcecode.swift; name = AAPLPreviewView.swift; path = AVCamManual/AAPLPreviewView.swift; sourceTree = "<group>"; };
		D7245A501B3B78D300A9B7D1 /* LICENSE.txt */ = {isa = PBXFileReference; fileEncoding = 4; lastKnownFileType = text; path = LICENSE.txt; sourceTree = "<group>"; };
		D7245A511B3B78D300A9B7D1 /* readme.txt */ = {isa = PBXFileReference; fileEncoding = 4; lastKnownFileType = text; path = readme.txt; sourceTree = "<group>"; };
		D7245A541B3B793200A9B7D1 /* AAPLCameraViewController.swift */ = {isa = PBXFileReference; fileEncoding = 4; lastKnownFileType = sourcecode.swift; name = AAPLCameraViewController.swift; path = AVCamManual/AAPLCameraViewController.swift; sourceTree = "<group>"; };
/* End PBXFileReference section */

/* Begin PBXGroup section */
		2F360B9917692C4700D9A404 = {
			isa = PBXGroup;
			children = (
				D7245A501B3B78D300A9B7D1 /* LICENSE.txt */,
				D7245A511B3B78D300A9B7D1 /* readme.txt */,
				6F580E4B1B0A649C00B81B97 /* README.md */,
				2F360BAB17692C4700D9A404 /* AVCamManual */,
				2F360BA317692C4700D9A404 /* Products */,
			);
			sourceTree = "<group>";
		};
		2F360BA317692C4700D9A404 /* Products */ = {
			isa = PBXGroup;
			children = (
				2F360BA217692C4700D9A404 /* AVCamManual.app */,
			);
			name = Products;
			sourceTree = "<group>";
		};
		2F360BAB17692C4700D9A404 /* AVCamManual */ = {
			isa = PBXGroup;
			children = (
				D7245A4C1B3B75CB00A9B7D1 /* AAPLAppDelegate.swift */,
				D7245A541B3B793200A9B7D1 /* AAPLCameraViewController.swift */,
				D7245A4E1B3B775900A9B7D1 /* AAPLPreviewView.swift */,
				6F580E4D1B0A64E800B81B97 /* Launch Screen.storyboard */,
				2F360BB717692C4700D9A404 /* Main.storyboard */,
				2F360BC017692C4700D9A404 /* Images.xcassets */,
				2F360BAC17692C4700D9A404 /* Supporting Files */,
			);
			name = AVCamManual;
			sourceTree = "<group>";
		};
		2F360BAC17692C4700D9A404 /* Supporting Files */ = {
			isa = PBXGroup;
			children = (
				2F360BAD17692C4700D9A404 /* AVCamManual-Info.plist */,
			);
			name = "Supporting Files";
			sourceTree = "<group>";
		};
/* End PBXGroup section */

/* Begin PBXNativeTarget section */
		2F360BA117692C4700D9A404 /* AVCamManual */ = {
			isa = PBXNativeTarget;
			buildConfigurationList = 2F360BD717692C4700D9A404 /* Build configuration list for PBXNativeTarget "AVCamManual" */;
			buildPhases = (
				2F360B9E17692C4700D9A404 /* Sources */,
				2F360BA017692C4700D9A404 /* Resources */,
			);
			buildRules = (
			);
			dependencies = (
			);
			name = AVCamManual;
			productName = AVCamManual;
			productReference = 2F360BA217692C4700D9A404 /* AVCamManual.app */;
			productType = "com.apple.product-type.application";
		};
/* End PBXNativeTarget section */

/* Begin PBXProject section */
		2F360B9A17692C4700D9A404 /* Project object */ = {
			isa = PBXProject;
			attributes = {
				CLASSPREFIX = "";
				LastSwiftUpdateCheck = 0700;
				LastUpgradeCheck = 0700;
				ORGANIZATIONNAME = "";
				TargetAttributes = {
					2F360BA117692C4700D9A404 = {
						SystemCapabilities = {
							com.apple.InterAppAudio = {
								enabled = 0;
							};
						};
					};
				};
			};
			buildConfigurationList = 2F360B9D17692C4700D9A404 /* Build configuration list for PBXProject "AVCamManual" */;
			compatibilityVersion = "Xcode 3.2";
			developmentRegion = English;
			hasScannedForEncodings = 0;
			knownRegions = (
				en,
				Base,
			);
			mainGroup = 2F360B9917692C4700D9A404;
			productRefGroup = 2F360BA317692C4700D9A404 /* Products */;
			projectDirPath = "";
			projectRoot = "";
			targets = (
				2F360BA117692C4700D9A404 /* AVCamManual */,
			);
		};
/* End PBXProject section */

/* Begin PBXResourcesBuildPhase section */
		2F360BA017692C4700D9A404 /* Resources */ = {
			isa = PBXResourcesBuildPhase;
			buildActionMask = 2147483647;
			files = (
				2F360BC117692C4700D9A404 /* Images.xcassets in Resources */,
				6F580E4F1B0A64E800B81B97 /* Launch Screen.storyboard in Resources */,
				2F45C1D5177676670052A7F9 /* Main.storyboard in Resources */,
			);
			runOnlyForDeploymentPostprocessing = 0;
		};
/* End PBXResourcesBuildPhase section */

/* Begin PBXSourcesBuildPhase section */
		2F360B9E17692C4700D9A404 /* Sources */ = {
			isa = PBXSourcesBuildPhase;
			buildActionMask = 2147483647;
			files = (
				D7245A4D1B3B75CB00A9B7D1 /* AAPLAppDelegate.swift in Sources */,
				D7245A4F1B3B775900A9B7D1 /* AAPLPreviewView.swift in Sources */,
				D7245A551B3B793200A9B7D1 /* AAPLCameraViewController.swift in Sources */,
			);
			runOnlyForDeploymentPostprocessing = 0;
		};
/* End PBXSourcesBuildPhase section */

/* Begin PBXVariantGroup section */
		2F360BB717692C4700D9A404 /* Main.storyboard */ = {
			isa = PBXVariantGroup;
			children = (
				2F360BB817692C4700D9A404 /* Base */,
			);
			name = Main.storyboard;
			path = AVCamManual;
			sourceTree = "<group>";
		};
		6F580E4D1B0A64E800B81B97 /* Launch Screen.storyboard */ = {
			isa = PBXVariantGroup;
			children = (
				6F580E4E1B0A64E800B81B97 /* Base */,
			);
			name = "Launch Screen.storyboard";
			sourceTree = "<group>";
		};
/* End PBXVariantGroup section */

/* Begin XCBuildConfiguration section */
		2F360BD517692C4700D9A404 /* Debug */ = {
			isa = XCBuildConfiguration;
			buildSettings = {
				ALWAYS_SEARCH_USER_PATHS = NO;
				CLANG_CXX_LANGUAGE_STANDARD = "gnu++0x";
				CLANG_CXX_LIBRARY = "libc++";
				CLANG_ENABLE_MODULES = YES;
				CLANG_ENABLE_OBJC_ARC = YES;
				CLANG_WARN_BOOL_CONVERSION = YES;
				CLANG_WARN_CONSTANT_CONVERSION = YES;
				CLANG_WARN_DIRECT_OBJC_ISA_USAGE = YES_ERROR;
				CLANG_WARN_EMPTY_BODY = YES;
				CLANG_WARN_ENUM_CONVERSION = YES;
				CLANG_WARN_INT_CONVERSION = YES;
				CLANG_WARN_OBJC_ROOT_CLASS = YES_ERROR;
				CLANG_WARN__DUPLICATE_METHOD_MATCH = YES;
				CODE_SIGN_IDENTITY = "iPhone Developer";
				"CODE_SIGN_IDENTITY[sdk=iphoneos*]" = "iPhone Developer";
				COPY_PHASE_STRIP = NO;
				ENABLE_TESTABILITY = NO;
				GCC_C_LANGUAGE_STANDARD = gnu99;
				GCC_DYNAMIC_NO_PIC = NO;
				GCC_OPTIMIZATION_LEVEL = 0;
				GCC_PREPROCESSOR_DEFINITIONS = (
					"DEBUG=1",
					"$(inherited)",
				);
				GCC_SYMBOLS_PRIVATE_EXTERN = NO;
				GCC_WARN_ABOUT_RETURN_TYPE = YES_ERROR;
				GCC_WARN_UNDECLARED_SELECTOR = YES;
				GCC_WARN_UNINITIALIZED_AUTOS = YES;
				GCC_WARN_UNUSED_FUNCTION = YES;
				GCC_WARN_UNUSED_VARIABLE = YES;
				IPHONEOS_DEPLOYMENT_TARGET = 9.0;
				ONLY_ACTIVE_ARCH = YES;
				SDKROOT = iphoneos;
				TARGETED_DEVICE_FAMILY = "1,2";
			};
			name = Debug;
		};
		2F360BD617692C4700D9A404 /* Release */ = {
			isa = XCBuildConfiguration;
			buildSettings = {
				ALWAYS_SEARCH_USER_PATHS = NO;
				CLANG_CXX_LANGUAGE_STANDARD = "gnu++0x";
				CLANG_CXX_LIBRARY = "libc++";
				CLANG_ENABLE_MODULES = YES;
				CLANG_ENABLE_OBJC_ARC = YES;
				CLANG_WARN_BOOL_CONVERSION = YES;
				CLANG_WARN_CONSTANT_CONVERSION = YES;
				CLANG_WARN_DIRECT_OBJC_ISA_USAGE = YES_ERROR;
				CLANG_WARN_EMPTY_BODY = YES;
				CLANG_WARN_ENUM_CONVERSION = YES;
				CLANG_WARN_INT_CONVERSION = YES;
				CLANG_WARN_OBJC_ROOT_CLASS = YES_ERROR;
				CLANG_WARN__DUPLICATE_METHOD_MATCH = YES;
				CODE_SIGN_IDENTITY = "iPhone Developer";
				"CODE_SIGN_IDENTITY[sdk=iphoneos*]" = "iPhone Developer";
				COPY_PHASE_STRIP = YES;
				ENABLE_NS_ASSERTIONS = NO;
				GCC_C_LANGUAGE_STANDARD = gnu99;
				GCC_WARN_ABOUT_RETURN_TYPE = YES_ERROR;
				GCC_WARN_UNDECLARED_SELECTOR = YES;
				GCC_WARN_UNINITIALIZED_AUTOS = YES;
				GCC_WARN_UNUSED_FUNCTION = YES;
				GCC_WARN_UNUSED_VARIABLE = YES;
				IPHONEOS_DEPLOYMENT_TARGET = 9.0;
				ONLY_ACTIVE_ARCH = NO;
				SDKROOT = iphoneos;
				TARGETED_DEVICE_FAMILY = "1,2";
				VALIDATE_PRODUCT = YES;
			};
			name = Release;
		};
		2F360BD817692C4700D9A404 /* Debug */ = {
			isa = XCBuildConfiguration;
			buildSettings = {
				ASSETCATALOG_COMPILER_APPICON_NAME = AppIcon;
				ASSETCATALOG_COMPILER_LAUNCHIMAGE_NAME = LaunchImage;
				CLANG_ENABLE_MODULES = YES;
				CODE_SIGN_IDENTITY = "iPhone Developer";
				GCC_PRECOMPILE_PREFIX_HEADER = YES;
				INFOPLIST_FILE = "AVCamManual/AVCamManual-Info.plist";
				IPHONEOS_DEPLOYMENT_TARGET = 9.0;
				LD_RUNPATH_SEARCH_PATHS = "$(inherited) @executable_path/Frameworks";
				PRODUCT_NAME = AVCamManual;
				PROVISIONING_PROFILE = "";
				SWIFT_OPTIMIZATION_LEVEL = "-Onone";
				WRAPPER_EXTENSION = app;
			};
			name = Debug;
		};
		2F360BD917692C4700D9A404 /* Release */ = {
			isa = XCBuildConfiguration;
			buildSettings = {
				ASSETCATALOG_COMPILER_APPICON_NAME = AppIcon;
				ASSETCATALOG_COMPILER_LAUNCHIMAGE_NAME = LaunchImage;
				CLANG_ENABLE_MODULES = YES;
				CODE_SIGN_IDENTITY = "iPhone Developer";
				GCC_PRECOMPILE_PREFIX_HEADER = YES;
				INFOPLIST_FILE = "AVCamManual/AVCamManual-Info.plist";
				IPHONEOS_DEPLOYMENT_TARGET = 9.0;
				LD_RUNPATH_SEARCH_PATHS = "$(inherited) @executable_path/Frameworks";
				PRODUCT_NAME = AVCamManual;
				PROVISIONING_PROFILE = "";
				WRAPPER_EXTENSION = app;
			};
			name = Release;
		};
/* End XCBuildConfiguration section */

/* Begin XCConfigurationList section */
		2F360B9D17692C4700D9A404 /* Build configuration list for PBXProject "AVCamManual" */ = {
			isa = XCConfigurationList;
			buildConfigurations = (
				2F360BD517692C4700D9A404 /* Debug */,
				2F360BD617692C4700D9A404 /* Release */,
			);
			defaultConfigurationIsVisible = 0;
			defaultConfigurationName = Release;
		};
		2F360BD717692C4700D9A404 /* Build configuration list for PBXNativeTarget "AVCamManual" */ = {
			isa = XCConfigurationList;
			buildConfigurations = (
				2F360BD817692C4700D9A404 /* Debug */,
				2F360BD917692C4700D9A404 /* Release */,
			);
			defaultConfigurationIsVisible = 0;
			defaultConfigurationName = Release;
		};
/* End XCConfigurationList section */
	};
	rootObject = 2F360B9A17692C4700D9A404 /* Project object */;
}
